{
  "version": 4,
  "terraform_version": "1.7.3",
  "serial": 6,
  "lineage": "fd52b444-3f44-34f1-0906-8e16ce79bc18",
  "outputs": {},
  "resources": [
    {
      "mode": "managed",
      "type": "azurerm_resource_group",
      "name": "adb-sand-rg",
      "provider": "provider[\"registry.terraform.io/hashicorp/azurerm\"]",
      "instances": [
        {
          "schema_version": 0,
          "attributes": {
            "id": "/subscriptions/31324520-9b0f-447e-98f4-c8ac3667708d/resourceGroups/ius-lob-data-sand-inf-dlh-eu2-adb-rg-01",
            "location": "eastus2",
            "name": "ius-lob-data-sand-inf-dlh-eu2-adb-rg-01",
            "tags": null,
            "timeouts": null
          },
          "sensitive_attributes": [],
          "private": "eyJlMmJmYjczMC1lY2FhLTExZTYtOGY4OC0zNDM2M2JjN2M0YzAiOnsiY3JlYXRlIjo1NDAwMDAwMDAwMDAwLCJkZWxldGUiOjU0MDAwMDAwMDAwMDAsInJlYWQiOjMwMDAwMDAwMDAwMCwidXBkYXRlIjo1NDAwMDAwMDAwMDAwfX0="
        }
      ]
    },
    {
      "module": "module.adb-adf",
      "mode": "managed",
      "type": "azurerm_data_factory",
      "name": "adf",
      "provider": "provider[\"registry.terraform.io/hashicorp/azurerm\"]",
      "instances": [
        {
          "schema_version": 2,
          "attributes": {
            "customer_managed_key_id": "",
            "github_configuration": [],
            "global_parameter": [],
            "id": "/subscriptions/31324520-9b0f-447e-98f4-c8ac3667708d/resourceGroups/ius-lob-data-sand-inf-dlh-eu2-adb-rg-01/providers/Microsoft.DataFactory/factories/ius-lob-data-sand-inf-dlh-eu2-adb-rg-01-adf-01",
            "identity": [],
            "location": "eastus2",
            "managed_virtual_network_enabled": false,
            "name": "ius-lob-data-sand-inf-dlh-eu2-adb-rg-01-adf-01",
            "public_network_enabled": true,
            "resource_group_name": "ius-lob-data-sand-inf-dlh-eu2-adb-rg-01",
            "tags": {
              "environment": "sand"
            },
            "timeouts": null,
            "vsts_configuration": []
          },
          "sensitive_attributes": [],
          "private": "eyJlMmJmYjczMC1lY2FhLTExZTYtOGY4OC0zNDM2M2JjN2M0YzAiOnsiY3JlYXRlIjoxODAwMDAwMDAwMDAwLCJkZWxldGUiOjE4MDAwMDAwMDAwMDAsInJlYWQiOjMwMDAwMDAwMDAwMCwidXBkYXRlIjoxODAwMDAwMDAwMDAwfSwic2NoZW1hX3ZlcnNpb24iOiIyIn0=",
          "dependencies": [
            "azurerm_resource_group.adb-sand-rg"
          ]
        }
      ]
    }
  ],
  "check_results": null
}
