{
  "version": 4,
  "terraform_version": "1.7.3",
  "serial": 29,
  "lineage": "fd52b444-3f44-34f1-0906-8e16ce79bc18",
  "outputs": {},
  "resources": [
    {
      "mode": "managed",
      "type": "azurerm_resource_group",
      "name": "adb-sand-rg",
      "provider": "provider[\"registry.terraform.io/hashicorp/azurerm\"]",
      "instances": [
        {
          "schema_version": 0,
          "attributes": {
            "id": "/subscriptions/31324520-9b0f-447e-98f4-c8ac3667708d/resourceGroups/ius-lob-data-sand-inf-dlh-eu2-adb-rg-01",
            "location": "eastus2",
            "name": "ius-lob-data-sand-inf-dlh-eu2-adb-rg-01",
            "tags": {},
            "timeouts": null
          },
          "sensitive_attributes": [],
          "private": "eyJlMmJmYjczMC1lY2FhLTExZTYtOGY4OC0zNDM2M2JjN2M0YzAiOnsiY3JlYXRlIjo1NDAwMDAwMDAwMDAwLCJkZWxldGUiOjU0MDAwMDAwMDAwMDAsInJlYWQiOjMwMDAwMDAwMDAwMCwidXBkYXRlIjo1NDAwMDAwMDAwMDAwfX0="
        }
      ]
    },
    {
      "module": "module.adb-adf",
      "mode": "managed",
      "type": "azurerm_data_factory",
      "name": "adf",
      "provider": "provider[\"registry.terraform.io/hashicorp/azurerm\"]",
      "instances": [
        {
          "schema_version": 2,
          "attributes": {
            "customer_managed_key_id": "",
            "github_configuration": [],
            "global_parameter": [],
            "id": "/subscriptions/31324520-9b0f-447e-98f4-c8ac3667708d/resourceGroups/ius-lob-data-sand-inf-dlh-eu2-adb-rg-01/providers/Microsoft.DataFactory/factories/ius-lob-data-sand-inf-dlh-eu2-adf-01",
            "identity": [],
            "location": "eastus2",
            "managed_virtual_network_enabled": false,
            "name": "ius-lob-data-sand-inf-dlh-eu2-adf-01",
            "public_network_enabled": true,
            "resource_group_name": "ius-lob-data-sand-inf-dlh-eu2-adb-rg-01",
            "tags": {
              "environment": "sand"
            },
            "timeouts": null,
            "vsts_configuration": []
          },
          "sensitive_attributes": [],
          "private": "eyJlMmJmYjczMC1lY2FhLTExZTYtOGY4OC0zNDM2M2JjN2M0YzAiOnsiY3JlYXRlIjoxODAwMDAwMDAwMDAwLCJkZWxldGUiOjE4MDAwMDAwMDAwMDAsInJlYWQiOjMwMDAwMDAwMDAwMCwidXBkYXRlIjoxODAwMDAwMDAwMDAwfSwic2NoZW1hX3ZlcnNpb24iOiIyIn0=",
          "dependencies": [
            "azurerm_resource_group.adb-sand-rg"
          ]
        }
      ]
    },
    {
      "module": "module.adb-adf",
      "mode": "managed",
      "type": "azurerm_storage_account",
      "name": "storage_account_name",
      "provider": "provider[\"registry.terraform.io/hashicorp/azurerm\"]",
      "instances": []
    },
    {
      "module": "module.storage",
      "mode": "managed",
      "type": "azurerm_storage_account",
      "name": "storage_account_name",
      "provider": "provider[\"registry.terraform.io/hashicorp/azurerm\"]",
      "instances": [
        {
          "schema_version": 2,
          "attributes": {
            "access_tier": "Hot",
            "account_kind": "StorageV2",
            "account_replication_type": "LRS",
            "account_tier": "Standard",
            "allow_blob_public_access": false,
            "azure_files_authentication": [],
            "blob_properties": [
              {
                "change_feed_enabled": false,
                "container_delete_retention_policy": [],
                "cors_rule": [],
                "default_service_version": "",
                "delete_retention_policy": [],
                "last_access_time_enabled": false,
                "versioning_enabled": false
              }
            ],
            "custom_domain": [],
            "customer_managed_key": [],
            "enable_https_traffic_only": true,
            "id": "/subscriptions/31324520-9b0f-447e-98f4-c8ac3667708d/resourceGroups/ius-lob-data-sand-inf-dlh-eu2-adb-rg-01/providers/Microsoft.Storage/storageAccounts/praviistorage",
            "identity": [],
            "infrastructure_encryption_enabled": false,
            "is_hns_enabled": false,
            "large_file_share_enabled": null,
            "location": "eastus2",
            "min_tls_version": "TLS1_0",
            "name": "praviistorage",
            "network_rules": [
              {
                "bypass": [
                  "AzureServices"
                ],
                "default_action": "Allow",
                "ip_rules": [],
                "private_link_access": [],
                "virtual_network_subnet_ids": []
              }
            ],
            "nfsv3_enabled": false,
            "primary_access_key": "C8jdIwyOduW707HptPkLgzQodPLWOA/YaPEVdUC+CUVnoBmPFst2FACYCVi1gyIGi3GXrbvlQmZB+AStiRsmFQ==",
            "primary_blob_connection_string": "DefaultEndpointsProtocol=https;BlobEndpoint=https://praviistorage.blob.core.windows.net/;AccountName=praviistorage;AccountKey=C8jdIwyOduW707HptPkLgzQodPLWOA/YaPEVdUC+CUVnoBmPFst2FACYCVi1gyIGi3GXrbvlQmZB+AStiRsmFQ==",
            "primary_blob_endpoint": "https://praviistorage.blob.core.windows.net/",
            "primary_blob_host": "praviistorage.blob.core.windows.net",
            "primary_connection_string": "DefaultEndpointsProtocol=https;AccountName=praviistorage;AccountKey=C8jdIwyOduW707HptPkLgzQodPLWOA/YaPEVdUC+CUVnoBmPFst2FACYCVi1gyIGi3GXrbvlQmZB+AStiRsmFQ==;EndpointSuffix=core.windows.net",
            "primary_dfs_endpoint": "https://praviistorage.dfs.core.windows.net/",
            "primary_dfs_host": "praviistorage.dfs.core.windows.net",
            "primary_file_endpoint": "https://praviistorage.file.core.windows.net/",
            "primary_file_host": "praviistorage.file.core.windows.net",
            "primary_location": "eastus2",
            "primary_queue_endpoint": "https://praviistorage.queue.core.windows.net/",
            "primary_queue_host": "praviistorage.queue.core.windows.net",
            "primary_table_endpoint": "https://praviistorage.table.core.windows.net/",
            "primary_table_host": "praviistorage.table.core.windows.net",
            "primary_web_endpoint": "https://praviistorage.z20.web.core.windows.net/",
            "primary_web_host": "praviistorage.z20.web.core.windows.net",
            "queue_encryption_key_type": "Service",
            "queue_properties": [
              {
                "cors_rule": [],
                "hour_metrics": [
                  {
                    "enabled": true,
                    "include_apis": true,
                    "retention_policy_days": 7,
                    "version": "1.0"
                  }
                ],
                "logging": [
                  {
                    "delete": false,
                    "read": false,
                    "retention_policy_days": 0,
                    "version": "1.0",
                    "write": false
                  }
                ],
                "minute_metrics": [
                  {
                    "enabled": false,
                    "include_apis": false,
                    "retention_policy_days": 0,
                    "version": "1.0"
                  }
                ]
              }
            ],
            "resource_group_name": "ius-lob-data-sand-inf-dlh-eu2-adb-rg-01",
            "routing": [],
            "secondary_access_key": "L4GmT/rGpwvAsWtqS7daSX8yw3jU7rIUJEUzeoDx+3Mxx+PQZ8U2JqnJXy/m0VvSxaaa0X+sG+KZ+AStBVJWRw==",
            "secondary_blob_connection_string": "",
            "secondary_blob_endpoint": null,
            "secondary_blob_host": null,
            "secondary_connection_string": "DefaultEndpointsProtocol=https;AccountName=praviistorage;AccountKey=L4GmT/rGpwvAsWtqS7daSX8yw3jU7rIUJEUzeoDx+3Mxx+PQZ8U2JqnJXy/m0VvSxaaa0X+sG+KZ+AStBVJWRw==;EndpointSuffix=core.windows.net",
            "secondary_dfs_endpoint": null,
            "secondary_dfs_host": null,
            "secondary_file_endpoint": null,
            "secondary_file_host": null,
            "secondary_location": "",
            "secondary_queue_endpoint": null,
            "secondary_queue_host": null,
            "secondary_table_endpoint": null,
            "secondary_table_host": null,
            "secondary_web_endpoint": null,
            "secondary_web_host": null,
            "share_properties": [
              {
                "cors_rule": [],
                "retention_policy": [
                  {
                    "days": 7
                  }
                ],
                "smb": []
              }
            ],
            "shared_access_key_enabled": true,
            "static_website": [],
            "table_encryption_key_type": "Service",
            "tags": {},
            "timeouts": null
          },
          "sensitive_attributes": [],
          "private": "eyJlMmJmYjczMC1lY2FhLTExZTYtOGY4OC0zNDM2M2JjN2M0YzAiOnsiY3JlYXRlIjozNjAwMDAwMDAwMDAwLCJkZWxldGUiOjM2MDAwMDAwMDAwMDAsInJlYWQiOjMwMDAwMDAwMDAwMCwidXBkYXRlIjozNjAwMDAwMDAwMDAwfSwic2NoZW1hX3ZlcnNpb24iOiIyIn0=",
          "dependencies": [
            "azurerm_resource_group.adb-sand-rg"
          ]
        }
      ]
    },
    {
      "module": "module.storage",
      "mode": "managed",
      "type": "azurerm_storage_container",
      "name": "storage_container_name",
      "provider": "provider[\"registry.terraform.io/hashicorp/azurerm\"]",
      "instances": [
        {
          "schema_version": 1,
          "attributes": {
            "container_access_type": "private",
            "has_immutability_policy": false,
            "has_legal_hold": false,
            "id": "https://praviistorage.blob.core.windows.net/ananthancontainer",
            "metadata": {},
            "name": "ananthancontainer",
            "resource_manager_id": "/subscriptions/31324520-9b0f-447e-98f4-c8ac3667708d/resourceGroups/ius-lob-data-sand-inf-dlh-eu2-adb-rg-01/providers/Microsoft.Storage/storageAccounts/praviistorage/blobServices/default/containers/ananthancontainer",
            "storage_account_name": "praviistorage",
            "timeouts": null
          },
          "sensitive_attributes": [],
          "private": "eyJlMmJmYjczMC1lY2FhLTExZTYtOGY4OC0zNDM2M2JjN2M0YzAiOnsiY3JlYXRlIjoxODAwMDAwMDAwMDAwLCJkZWxldGUiOjE4MDAwMDAwMDAwMDAsInJlYWQiOjMwMDAwMDAwMDAwMCwidXBkYXRlIjoxODAwMDAwMDAwMDAwfSwic2NoZW1hX3ZlcnNpb24iOiIxIn0=",
          "dependencies": [
            "azurerm_resource_group.adb-sand-rg",
            "module.storage.azurerm_storage_account.storage_account_name"
          ]
        }
      ]
    }
  ],
  "check_results": null
}
